
Microsoft Visual Studio Solution File, Format Version 12.00
# Visual Studio Version 16
VisualStudioVersion = 16.0.30523.141
MinimumVisualStudioVersion = 10.0.40219.1
Project("{FAE04EC0-301F-11D3-BF4B-00C04F79EFBC}") = "Projekt1_Zalewski51343", "Projekt1_Zalewski51343\Projekt1_Zalewski51343.csproj", "{22351302-0D32-424C-9765-877B14022EE1}"
EndProject
Global
	GlobalSection(SolutionConfigurationPlatforms) = preSolution
		Debug|Any CPU = Debug|Any CPU
		Release|Any CPU = Release|Any CPU
	EndGlobalSection
	GlobalSection(ProjectConfigurationPlatforms) = postSolution
		{22351302-0D32-424C-9765-877B14022EE1}.Debug|Any CPU.ActiveCfg = Debug|Any CPU
		{22351302-0D32-424C-9765-877B14022EE1}.Debug|Any CPU.Build.0 = Debug|Any CPU
		{22351302-0D32-424C-9765-877B14022EE1}.Release|Any CPU.ActiveCfg = Release|Any CPU
		{22351302-0D32-424C-9765-877B14022EE1}.Release|Any CPU.Build.0 = Release|Any CPU
	EndGlobalSection
	GlobalSection(SolutionProperties) = preSolution
		HideSolutionNode = FALSE
	EndGlobalSection
	GlobalSection(ExtensibilityGlobals) = postSolution
		SolutionGuid = {B5C5838D-546B-477D-AE6B-8F887DEFF780}
	EndGlobalSection
EndGlobal
